
Microsoft Visual Studio Solution File, Format Version 12.00
# Visual Studio Version 16
VisualStudioVersion = 16.0.30907.101
MinimumVisualStudioVersion = 10.0.40219.1
Project("{FAE04EC0-301F-11D3-BF4B-00C04F79EFBC}") = "JiraActivityScraper", "JiraActivityScraper\JiraActivityScraper.csproj", "{93598887-C91D-4BDE-924B-5A4750A76D0D}"
EndProject
Global
	GlobalSection(SolutionConfigurationPlatforms) = preSolution
		Debug|Any CPU = Debug|Any CPU
		Release|Any CPU = Release|Any CPU
	EndGlobalSection
	GlobalSection(ProjectConfigurationPlatforms) = postSolution
		{93598887-C91D-4BDE-924B-5A4750A76D0D}.Debug|Any CPU.ActiveCfg = Debug|Any CPU
		{93598887-C91D-4BDE-924B-5A4750A76D0D}.Debug|Any CPU.Build.0 = Debug|Any CPU
		{93598887-C91D-4BDE-924B-5A4750A76D0D}.Release|Any CPU.ActiveCfg = Release|Any CPU
		{93598887-C91D-4BDE-924B-5A4750A76D0D}.Release|Any CPU.Build.0 = Release|Any CPU
	EndGlobalSection
	GlobalSection(SolutionProperties) = preSolution
		HideSolutionNode = FALSE
	EndGlobalSection
	GlobalSection(ExtensibilityGlobals) = postSolution
		SolutionGuid = {79453A78-5DFB-4178-AB1E-9D7E1D3FBCF8}
	EndGlobalSection
EndGlobal
